
Microsoft Visual Studio Solution File, Format Version 12.00
# Visual Studio Version 17
VisualStudioVersion = 17.2.32516.85
MinimumVisualStudioVersion = 10.0.40219.1
Project("{FAE04EC0-301F-11D3-BF4B-00C04F79EFBC}") = "WCFSiplex", "WCFSiplex\WCFSiplex.csproj", "{86F2224C-0B08-4429-B931-3044255990D1}"
EndProject
Project("{FAE04EC0-301F-11D3-BF4B-00C04F79EFBC}") = "Host", "..\Host\Host.csproj", "{EB46B5CF-0143-4BAE-8377-4EC6ECAE7715}"
EndProject
Project("{FAE04EC0-301F-11D3-BF4B-00C04F79EFBC}") = "Client1", "..\Client1\Client1.csproj", "{0BACCD04-7232-4786-A140-797A0BAE36F3}"
EndProject
Project("{FAE04EC0-301F-11D3-BF4B-00C04F79EFBC}") = "Client2", "..\Client2\Client2.csproj", "{C579BD7B-F501-44B6-BE67-9E09555072C1}"
EndProject
Project("{FAE04EC0-301F-11D3-BF4B-00C04F79EFBC}") = "ShowBrowser", "..\ShowBrowser\ShowBrowser.csproj", "{111BC237-891E-40D4-BBED-EA827397D2AA}"
EndProject
Global
	GlobalSection(SolutionConfigurationPlatforms) = preSolution
		Debug|Any CPU = Debug|Any CPU
		Release|Any CPU = Release|Any CPU
	EndGlobalSection
	GlobalSection(ProjectConfigurationPlatforms) = postSolution
		{86F2224C-0B08-4429-B931-3044255990D1}.Debug|Any CPU.ActiveCfg = Debug|Any CPU
		{86F2224C-0B08-4429-B931-3044255990D1}.Debug|Any CPU.Build.0 = Debug|Any CPU
		{86F2224C-0B08-4429-B931-3044255990D1}.Release|Any CPU.ActiveCfg = Release|Any CPU
		{86F2224C-0B08-4429-B931-3044255990D1}.Release|Any CPU.Build.0 = Release|Any CPU
		{EB46B5CF-0143-4BAE-8377-4EC6ECAE7715}.Debug|Any CPU.ActiveCfg = Debug|Any CPU
		{EB46B5CF-0143-4BAE-8377-4EC6ECAE7715}.Debug|Any CPU.Build.0 = Debug|Any CPU
		{EB46B5CF-0143-4BAE-8377-4EC6ECAE7715}.Release|Any CPU.ActiveCfg = Release|Any CPU
		{EB46B5CF-0143-4BAE-8377-4EC6ECAE7715}.Release|Any CPU.Build.0 = Release|Any CPU
		{0BACCD04-7232-4786-A140-797A0BAE36F3}.Debug|Any CPU.ActiveCfg = Debug|Any CPU
		{0BACCD04-7232-4786-A140-797A0BAE36F3}.Debug|Any CPU.Build.0 = Debug|Any CPU
		{0BACCD04-7232-4786-A140-797A0BAE36F3}.Release|Any CPU.ActiveCfg = Release|Any CPU
		{0BACCD04-7232-4786-A140-797A0BAE36F3}.Release|Any CPU.Build.0 = Release|Any CPU
		{C579BD7B-F501-44B6-BE67-9E09555072C1}.Debug|Any CPU.ActiveCfg = Debug|Any CPU
		{C579BD7B-F501-44B6-BE67-9E09555072C1}.Debug|Any CPU.Build.0 = Debug|Any CPU
		{C579BD7B-F501-44B6-BE67-9E09555072C1}.Release|Any CPU.ActiveCfg = Release|Any CPU
		{C579BD7B-F501-44B6-BE67-9E09555072C1}.Release|Any CPU.Build.0 = Release|Any CPU
		{111BC237-891E-40D4-BBED-EA827397D2AA}.Debug|Any CPU.ActiveCfg = Debug|Any CPU
		{111BC237-891E-40D4-BBED-EA827397D2AA}.Debug|Any CPU.Build.0 = Debug|Any CPU
		{111BC237-891E-40D4-BBED-EA827397D2AA}.Release|Any CPU.ActiveCfg = Release|Any CPU
		{111BC237-891E-40D4-BBED-EA827397D2AA}.Release|Any CPU.Build.0 = Release|Any CPU
	EndGlobalSection
	GlobalSection(SolutionProperties) = preSolution
		HideSolutionNode = FALSE
	EndGlobalSection
	GlobalSection(ExtensibilityGlobals) = postSolution
		SolutionGuid = {F7F67964-C871-4AB4-8C15-143301E41DAE}
	EndGlobalSection
EndGlobal
